
Microsoft Visual Studio Solution File, Format Version 12.00
# Visual Studio Version 16
VisualStudioVersion = 16.0.32106.194
MinimumVisualStudioVersion = 10.0.40219.1
Project("{FAE04EC0-301F-11D3-BF4B-00C04F79EFBC}") = "FizzBuzz", "FizzBuzz\FizzBuzz.csproj", "{EDA9C12A-6F7E-4E50-A52D-84740334CCF2}"
EndProject
Project("{FAE04EC0-301F-11D3-BF4B-00C04F79EFBC}") = "FizzBuzzTests", "FizzBuzzTests\FizzBuzzTests.csproj", "{53D62025-414A-46AC-9949-08E84E043E20}"
EndProject
Global
	GlobalSection(SolutionConfigurationPlatforms) = preSolution
		Debug|Any CPU = Debug|Any CPU
		Release|Any CPU = Release|Any CPU
	EndGlobalSection
	GlobalSection(ProjectConfigurationPlatforms) = postSolution
		{EDA9C12A-6F7E-4E50-A52D-84740334CCF2}.Debug|Any CPU.ActiveCfg = Debug|Any CPU
		{EDA9C12A-6F7E-4E50-A52D-84740334CCF2}.Debug|Any CPU.Build.0 = Debug|Any CPU
		{EDA9C12A-6F7E-4E50-A52D-84740334CCF2}.Release|Any CPU.ActiveCfg = Release|Any CPU
		{EDA9C12A-6F7E-4E50-A52D-84740334CCF2}.Release|Any CPU.Build.0 = Release|Any CPU
		{53D62025-414A-46AC-9949-08E84E043E20}.Debug|Any CPU.ActiveCfg = Debug|Any CPU
		{53D62025-414A-46AC-9949-08E84E043E20}.Debug|Any CPU.Build.0 = Debug|Any CPU
		{53D62025-414A-46AC-9949-08E84E043E20}.Release|Any CPU.ActiveCfg = Release|Any CPU
		{53D62025-414A-46AC-9949-08E84E043E20}.Release|Any CPU.Build.0 = Release|Any CPU
	EndGlobalSection
	GlobalSection(SolutionProperties) = preSolution
		HideSolutionNode = FALSE
	EndGlobalSection
	GlobalSection(ExtensibilityGlobals) = postSolution
		SolutionGuid = {26BF953C-C63B-4DCB-95E6-404FF8DC54B7}
	EndGlobalSection
EndGlobal
